
Microsoft Visual Studio Solution File, Format Version 12.00
# Visual Studio Version 16
VisualStudioVersion = 16.0.29728.190
MinimumVisualStudioVersion = 10.0.40219.1
Project("{FAE04EC0-301F-11D3-BF4B-00C04F79EFBC}") = "Week3CodeAlong", "Week3CodeAlong.csproj", "{59CAD273-2FC2-4A88-9CF9-CB25E2B7F3ED}"
EndProject
Global
	GlobalSection(SolutionConfigurationPlatforms) = preSolution
		Debug|Any CPU = Debug|Any CPU
		Release|Any CPU = Release|Any CPU
	EndGlobalSection
	GlobalSection(ProjectConfigurationPlatforms) = postSolution
		{59CAD273-2FC2-4A88-9CF9-CB25E2B7F3ED}.Debug|Any CPU.ActiveCfg = Debug|Any CPU
		{59CAD273-2FC2-4A88-9CF9-CB25E2B7F3ED}.Debug|Any CPU.Build.0 = Debug|Any CPU
		{59CAD273-2FC2-4A88-9CF9-CB25E2B7F3ED}.Release|Any CPU.ActiveCfg = Release|Any CPU
		{59CAD273-2FC2-4A88-9CF9-CB25E2B7F3ED}.Release|Any CPU.Build.0 = Release|Any CPU
	EndGlobalSection
	GlobalSection(SolutionProperties) = preSolution
		HideSolutionNode = FALSE
	EndGlobalSection
	GlobalSection(ExtensibilityGlobals) = postSolution
		SolutionGuid = {AFC73ACE-A199-4BB5-8909-0B603B4A2A0F}
	EndGlobalSection
EndGlobal
